{
  "name": "backend",
  "version": "1.0.0",
  "lockfileVersion": 2,
  "requires": true,
  "packages": {
    "": {
      "name": "backend",
      "version": "1.0.0",
      "license": "ISC",
      "dependencies": {
        "expresss": "^0.0.0",
        "mogoose": "^0.0.1-security"
      }
    },
    "node_modules/expresss": {
      "version": "0.0.0",
      "resolved": "https://repo.plus4u.net/operatorGate/repository/npm/expresss/-/expresss-0.0.0.tgz",
      "integrity": "sha512-dnfKMF9CM+MRGXD58Ul3T+neY+5C9i4CaT5sEEOvIWxdueyk7TiFIzauAOFnxmMZAdio5uak7M3FDcr+B9A8xg==",
      "license": "ISC"
    },
    "node_modules/mogoose": {
      "version": "0.0.1-security",
      "resolved": "https://repo.plus4u.net/operatorGate/repository/npm/mogoose/-/mogoose-0.0.1-security.tgz",
      "integrity": "sha512-TX97LVQnLr7jzee6nRZlKKS1XXC/Xp2M5OE2Vz7L/e3mkPMupVfuG4A5tIFFNeClFJ+LH/A0bsqekZolAPOIuA=="
    }
  },
  "dependencies": {
    "expresss": {
      "version": "0.0.0",
      "resolved": "https://repo.plus4u.net/operatorGate/repository/npm/expresss/-/expresss-0.0.0.tgz",
      "integrity": "sha512-dnfKMF9CM+MRGXD58Ul3T+neY+5C9i4CaT5sEEOvIWxdueyk7TiFIzauAOFnxmMZAdio5uak7M3FDcr+B9A8xg=="
    },
    "mogoose": {
      "version": "0.0.1-security",
      "resolved": "https://repo.plus4u.net/operatorGate/repository/npm/mogoose/-/mogoose-0.0.1-security.tgz",
      "integrity": "sha512-TX97LVQnLr7jzee6nRZlKKS1XXC/Xp2M5OE2Vz7L/e3mkPMupVfuG4A5tIFFNeClFJ+LH/A0bsqekZolAPOIuA=="
    }
  }
}
